
Microsoft Visual Studio Solution File, Format Version 12.00
# Visual Studio Version 17
VisualStudioVersion = 17.13.35931.197 d17.13
MinimumVisualStudioVersion = 10.0.40219.1
Project("{FAE04EC0-301F-11D3-BF4B-00C04F79EFBC}") = "da", "da\da.csproj", "{9AF1AC82-C960-46F0-B0BD-230D3EF67278}"
EndProject
Global
	GlobalSection(SolutionConfigurationPlatforms) = preSolution
		Debug|Any CPU = Debug|Any CPU
		Release|Any CPU = Release|Any CPU
	EndGlobalSection
	GlobalSection(ProjectConfigurationPlatforms) = postSolution
		{9AF1AC82-C960-46F0-B0BD-230D3EF67278}.Debug|Any CPU.ActiveCfg = Debug|Any CPU
		{9AF1AC82-C960-46F0-B0BD-230D3EF67278}.Debug|Any CPU.Build.0 = Debug|Any CPU
		{9AF1AC82-C960-46F0-B0BD-230D3EF67278}.Release|Any CPU.ActiveCfg = Release|Any CPU
		{9AF1AC82-C960-46F0-B0BD-230D3EF67278}.Release|Any CPU.Build.0 = Release|Any CPU
	EndGlobalSection
	GlobalSection(SolutionProperties) = preSolution
		HideSolutionNode = FALSE
	EndGlobalSection
	GlobalSection(ExtensibilityGlobals) = postSolution
		SolutionGuid = {4360BBE2-799F-4D03-8BDA-73A6912DF2B1}
	EndGlobalSection
EndGlobal
